
Microsoft Visual Studio Solution File, Format Version 12.00
# Visual Studio Version 16
VisualStudioVersion = 16.0.31005.135
MinimumVisualStudioVersion = 10.0.40219.1
Project("{FAE04EC0-301F-11D3-BF4B-00C04F79EFBC}") = "EFM_theme", "EFM_theme\EFM_theme.csproj", "{BB881292-4280-445B-88BE-BF8F7CB7E2C7}"
EndProject
Global
	GlobalSection(SolutionConfigurationPlatforms) = preSolution
		Debug|Any CPU = Debug|Any CPU
		Release|Any CPU = Release|Any CPU
	EndGlobalSection
	GlobalSection(ProjectConfigurationPlatforms) = postSolution
		{BB881292-4280-445B-88BE-BF8F7CB7E2C7}.Debug|Any CPU.ActiveCfg = Debug|Any CPU
		{BB881292-4280-445B-88BE-BF8F7CB7E2C7}.Debug|Any CPU.Build.0 = Debug|Any CPU
		{BB881292-4280-445B-88BE-BF8F7CB7E2C7}.Release|Any CPU.ActiveCfg = Release|Any CPU
		{BB881292-4280-445B-88BE-BF8F7CB7E2C7}.Release|Any CPU.Build.0 = Release|Any CPU
	EndGlobalSection
	GlobalSection(SolutionProperties) = preSolution
		HideSolutionNode = FALSE
	EndGlobalSection
	GlobalSection(ExtensibilityGlobals) = postSolution
		SolutionGuid = {C51F4258-BF09-4ECC-912A-5EFFB4DAAA71}
	EndGlobalSection
EndGlobal
