
Microsoft Visual Studio Solution File, Format Version 10.00
# Visual Studio 2008
Project("{F184B08F-C81C-45F6-A57F-5ABD9991F28F}") = "Gestion_Parc", "Gestion_Parc\Gestion_Parc.vbproj", "{CB408DFA-7F7B-4282-9076-FF798F66561E}"
EndProject
Global
	GlobalSection(SolutionConfigurationPlatforms) = preSolution
		Debug|Any CPU = Debug|Any CPU
		Release|Any CPU = Release|Any CPU
	EndGlobalSection
	GlobalSection(ProjectConfigurationPlatforms) = postSolution
		{CB408DFA-7F7B-4282-9076-FF798F66561E}.Debug|Any CPU.ActiveCfg = Debug|Any CPU
		{CB408DFA-7F7B-4282-9076-FF798F66561E}.Debug|Any CPU.Build.0 = Debug|Any CPU
		{CB408DFA-7F7B-4282-9076-FF798F66561E}.Release|Any CPU.ActiveCfg = Release|Any CPU
		{CB408DFA-7F7B-4282-9076-FF798F66561E}.Release|Any CPU.Build.0 = Release|Any CPU
	EndGlobalSection
	GlobalSection(SolutionProperties) = preSolution
		HideSolutionNode = FALSE
	EndGlobalSection
EndGlobal
