
Microsoft Visual Studio Solution File, Format Version 11.00
# Visual Studio 2010
Project("{FAE04EC0-301F-11D3-BF4B-00C04F79EFBC}") = "Dossier3", "Dossier3\Dossier3.csproj", "{070F7418-FD9A-435C-84D6-D6A1A9321EBE}"
EndProject
Global
	GlobalSection(SolutionConfigurationPlatforms) = preSolution
		Debug|Any CPU = Debug|Any CPU
		Release|Any CPU = Release|Any CPU
	EndGlobalSection
	GlobalSection(ProjectConfigurationPlatforms) = postSolution
		{070F7418-FD9A-435C-84D6-D6A1A9321EBE}.Debug|Any CPU.ActiveCfg = Debug|Any CPU
		{070F7418-FD9A-435C-84D6-D6A1A9321EBE}.Debug|Any CPU.Build.0 = Debug|Any CPU
		{070F7418-FD9A-435C-84D6-D6A1A9321EBE}.Release|Any CPU.ActiveCfg = Release|Any CPU
		{070F7418-FD9A-435C-84D6-D6A1A9321EBE}.Release|Any CPU.Build.0 = Release|Any CPU
	EndGlobalSection
	GlobalSection(SolutionProperties) = preSolution
		HideSolutionNode = FALSE
	EndGlobalSection
EndGlobal
