
Microsoft Visual Studio Solution File, Format Version 12.00
# Visual Studio 2012
Project("{FAE04EC0-301F-11D3-BF4B-00C04F79EFBC}") = "ADO_EFF2011_TP_V01", "ADO_EFF2011_TP_V01\ADO_EFF2011_TP_V01.csproj", "{846DA99E-C83B-4C65-B31A-4B886C562540}"
EndProject
Global
	GlobalSection(SolutionConfigurationPlatforms) = preSolution
		Debug|Any CPU = Debug|Any CPU
		Release|Any CPU = Release|Any CPU
	EndGlobalSection
	GlobalSection(ProjectConfigurationPlatforms) = postSolution
		{846DA99E-C83B-4C65-B31A-4B886C562540}.Debug|Any CPU.ActiveCfg = Debug|Any CPU
		{846DA99E-C83B-4C65-B31A-4B886C562540}.Debug|Any CPU.Build.0 = Debug|Any CPU
		{846DA99E-C83B-4C65-B31A-4B886C562540}.Release|Any CPU.ActiveCfg = Release|Any CPU
		{846DA99E-C83B-4C65-B31A-4B886C562540}.Release|Any CPU.Build.0 = Release|Any CPU
	EndGlobalSection
	GlobalSection(SolutionProperties) = preSolution
		HideSolutionNode = FALSE
	EndGlobalSection
EndGlobal
