
Microsoft Visual Studio Solution File, Format Version 12.00
# Visual Studio 15
VisualStudioVersion = 15.0.28307.1401
MinimumVisualStudioVersion = 10.0.40219.1
Project("{FAE04EC0-301F-11D3-BF4B-00C04F79EFBC}") = "EFF2018_TP_V2_1", "EFF2018_TP_V2_1\EFF2018_TP_V2_1.csproj", "{0C2974C7-8880-40A6-BA24-F5230C5E7D85}"
EndProject
Global
	GlobalSection(SolutionConfigurationPlatforms) = preSolution
		Debug|Any CPU = Debug|Any CPU
		Release|Any CPU = Release|Any CPU
	EndGlobalSection
	GlobalSection(ProjectConfigurationPlatforms) = postSolution
		{0C2974C7-8880-40A6-BA24-F5230C5E7D85}.Debug|Any CPU.ActiveCfg = Debug|Any CPU
		{0C2974C7-8880-40A6-BA24-F5230C5E7D85}.Debug|Any CPU.Build.0 = Debug|Any CPU
		{0C2974C7-8880-40A6-BA24-F5230C5E7D85}.Release|Any CPU.ActiveCfg = Release|Any CPU
		{0C2974C7-8880-40A6-BA24-F5230C5E7D85}.Release|Any CPU.Build.0 = Release|Any CPU
	EndGlobalSection
	GlobalSection(SolutionProperties) = preSolution
		HideSolutionNode = FALSE
	EndGlobalSection
	GlobalSection(ExtensibilityGlobals) = postSolution
		SolutionGuid = {3F02A895-689C-4249-ADB2-810428CD9F6B}
	EndGlobalSection
EndGlobal
